{
  "name": "shared",
  "version": "0.0.0",
  "lockfileVersion": 2,
  "requires": true,
  "packages": {
    "": {
      "name": "shared",
      "version": "0.0.0",
      "license": "ISC",
      "dependencies": {
        "react": "file:../react"
      }
    },
    "../react": {
      "version": "0.0.0",
      "license": "ISC",
      "dependencies": {
        "shared": "file:../shared"
      }
    },
    "node_modules/react": {
      "resolved": "../react",
      "link": true
    }
  },
  "dependencies": {
    "react": {
      "version": "file:../react",
      "requires": {
        "shared": "file:../shared"
      }
    }
  }
}
