{
  "name": "react-dom",
  "version": "0.0.0",
  "lockfileVersion": 2,
  "requires": true,
  "packages": {
    "": {
      "name": "react-dom",
      "version": "0.0.0",
      "license": "ISC",
      "dependencies": {
        "react-reconciler": "file:../react-reconciler",
        "shared": "file:../shared"
      }
    },
    "../react-reconciler": {
      "version": "0.0.0",
      "license": "ISC",
      "dependencies": {
        "shared": "file:../shared"
      }
    },
    "../shared": {
      "version": "0.0.0",
      "license": "ISC"
    },
    "node_modules/react-reconciler": {
      "resolved": "../react-reconciler",
      "link": true
    },
    "node_modules/shared": {
      "resolved": "../shared",
      "link": true
    }
  },
  "dependencies": {
    "react-reconciler": {
      "version": "file:../react-reconciler",
      "requires": {
        "shared": "file:../shared"
      }
    },
    "shared": {
      "version": "file:../shared"
    }
  }
}
